
Microsoft Visual Studio Solution File, Format Version 12.00
# Visual Studio Version 16
VisualStudioVersion = 16.0.29609.76
MinimumVisualStudioVersion = 10.0.40219.1
Project("{FAE04EC0-301F-11D3-BF4B-00C04F79EFBC}") = "WeatherTest.Wcf.WeatherService.BusinessLogic", "WeatherTest.Wcf.WeatherService.BusinessLogic\WeatherTest.Wcf.WeatherService.BusinessLogic.csproj", "{5E2C76F4-52A2-410B-9F89-998564A1A129}"
EndProject
Project("{9A19103F-16F7-4668-BE54-9A1E7A4F7556}") = "WeatherTest.Wcf.WeatherService.DataAccess", "WeatherTest.Wcf.WeatherService.DataAccess\WeatherTest.Wcf.WeatherService.DataAccess.csproj", "{A6A607FA-3072-4D61-8DBF-37426EAD458B}"
EndProject
Project("{2150E333-8FDC-42A3-9474-1A3956D46DE8}") = "BusinessLogic", "BusinessLogic", "{E6C97030-BC8A-4FE3-A59C-3212AD8FD53B}"
EndProject
Project("{2150E333-8FDC-42A3-9474-1A3956D46DE8}") = "DataAccess", "DataAccess", "{8AEB58E9-7D06-47B5-919F-4D964D716026}"
EndProject
Project("{E24C65DC-7377-472B-9ABA-BC803B73C61A}") = "WCFService1", "WCFService1\", "{A275C5DE-7CF3-4025-B0EA-72F2A3AB71E2}"
	ProjectSection(WebsiteProperties) = preProject
		TargetFrameworkMoniker = ".NETFramework,Version%3Dv4.7.2"
		ProjectReferences = "{5e2c76f4-52a2-410b-9f89-998564a1a129}|WeatherTest.Wcf.WeatherService.BusinessLogic.dll;{A6A607FA-3072-4D61-8DBF-37426EAD458B}|WeatherTest.Wcf.WeatherService.DataAccess.dll;"
		Debug.AspNetCompiler.VirtualPath = "/localhost_51755"
		Debug.AspNetCompiler.PhysicalPath = "WCFService1\"
		Debug.AspNetCompiler.TargetPath = "PrecompiledWeb\localhost_51755\"
		Debug.AspNetCompiler.Updateable = "true"
		Debug.AspNetCompiler.ForceOverwrite = "true"
		Debug.AspNetCompiler.FixedNames = "false"
		Debug.AspNetCompiler.Debug = "True"
		Release.AspNetCompiler.VirtualPath = "/localhost_51755"
		Release.AspNetCompiler.PhysicalPath = "WCFService1\"
		Release.AspNetCompiler.TargetPath = "PrecompiledWeb\localhost_51755\"
		Release.AspNetCompiler.Updateable = "true"
		Release.AspNetCompiler.ForceOverwrite = "true"
		Release.AspNetCompiler.FixedNames = "false"
		Release.AspNetCompiler.Debug = "False"
		VWDPort = "51755"
		SlnRelativePath = "WCFService1\"
		DefaultWebSiteLanguage = "Visual C#"
	EndProjectSection
	ProjectSection(ProjectDependencies) = postProject
		{5E2C76F4-52A2-410B-9F89-998564A1A129} = {5E2C76F4-52A2-410B-9F89-998564A1A129}
	EndProjectSection
EndProject
Global
	GlobalSection(SolutionConfigurationPlatforms) = preSolution
		Debug|Any CPU = Debug|Any CPU
		Release|Any CPU = Release|Any CPU
	EndGlobalSection
	GlobalSection(ProjectConfigurationPlatforms) = postSolution
		{5E2C76F4-52A2-410B-9F89-998564A1A129}.Debug|Any CPU.ActiveCfg = Debug|Any CPU
		{5E2C76F4-52A2-410B-9F89-998564A1A129}.Debug|Any CPU.Build.0 = Debug|Any CPU
		{5E2C76F4-52A2-410B-9F89-998564A1A129}.Release|Any CPU.ActiveCfg = Release|Any CPU
		{5E2C76F4-52A2-410B-9F89-998564A1A129}.Release|Any CPU.Build.0 = Release|Any CPU
		{A6A607FA-3072-4D61-8DBF-37426EAD458B}.Debug|Any CPU.ActiveCfg = Debug|Any CPU
		{A6A607FA-3072-4D61-8DBF-37426EAD458B}.Debug|Any CPU.Build.0 = Debug|Any CPU
		{A6A607FA-3072-4D61-8DBF-37426EAD458B}.Release|Any CPU.ActiveCfg = Release|Any CPU
		{A6A607FA-3072-4D61-8DBF-37426EAD458B}.Release|Any CPU.Build.0 = Release|Any CPU
		{A275C5DE-7CF3-4025-B0EA-72F2A3AB71E2}.Debug|Any CPU.ActiveCfg = Debug|Any CPU
		{A275C5DE-7CF3-4025-B0EA-72F2A3AB71E2}.Debug|Any CPU.Build.0 = Debug|Any CPU
		{A275C5DE-7CF3-4025-B0EA-72F2A3AB71E2}.Release|Any CPU.ActiveCfg = Debug|Any CPU
		{A275C5DE-7CF3-4025-B0EA-72F2A3AB71E2}.Release|Any CPU.Build.0 = Debug|Any CPU
	EndGlobalSection
	GlobalSection(SolutionProperties) = preSolution
		HideSolutionNode = FALSE
	EndGlobalSection
	GlobalSection(NestedProjects) = preSolution
		{5E2C76F4-52A2-410B-9F89-998564A1A129} = {E6C97030-BC8A-4FE3-A59C-3212AD8FD53B}
		{A6A607FA-3072-4D61-8DBF-37426EAD458B} = {8AEB58E9-7D06-47B5-919F-4D964D716026}
	EndGlobalSection
	GlobalSection(ExtensibilityGlobals) = postSolution
		SolutionGuid = {B91F1E8A-E152-4A0C-9DCC-B92D0C4CEE15}
	EndGlobalSection
EndGlobal
